// !$*UTF8*$!
{
	archiveVersion = 1;
	classes = {
	};
	objectVersion = 50;
	objects = {

/* Begin PBXBuildFile section */
		2C8D769F21B3626E00E90E41 /* YAHUtility.m in Sources */ = {isa = PBXBuildFile; fileRef = 2C8D769D21B3626E00E90E41 /* YAHUtility.m */; };
		2C8D771221B3628F00E90E41 /* UIImage+Blur.m in Sources */ = {isa = PBXBuildFile; fileRef = 2C8D76E521B3628E00E90E41 /* UIImage+Blur.m */; };
		2C8D771321B3628F00E90E41 /* UIImage+FileName.m in Sources */ = {isa = PBXBuildFile; fileRef = 2C8D76E821B3628E00E90E41 /* UIImage+FileName.m */; };
		2C8D771421B3628F00E90E41 /* UIImage+Orientation.m in Sources */ = {isa = PBXBuildFile; fileRef = 2C8D76EA21B3628E00E90E41 /* UIImage+Orientation.m */; };
		2C8D771521B3628F00E90E41 /* UIImage+SuperCompress.m in Sources */ = {isa = PBXBuildFile; fileRef = 2C8D76EB21B3628E00E90E41 /* UIImage+SuperCompress.m */; };
		2C8D771621B3628F00E90E41 /* UIImage+RTTint.m in Sources */ = {isa = PBXBuildFile; fileRef = 2C8D76EC21B3628E00E90E41 /* UIImage+RTTint.m */; };
		2C8D771721B3628F00E90E41 /* UIImage+Color.m in Sources */ = {isa = PBXBuildFile; fileRef = 2C8D76EF21B3628E00E90E41 /* UIImage+Color.m */; };
		2C8D771821B3628F00E90E41 /* UIImage+FX.m in Sources */ = {isa = PBXBuildFile; fileRef = 2C8D76F121B3628E00E90E41 /* UIImage+FX.m */; };
		2C8D771921B3628F00E90E41 /* NSTimer+Blocks.m in Sources */ = {isa = PBXBuildFile; fileRef = 2C8D76F421B3628E00E90E41 /* NSTimer+Blocks.m */; };
		2C8D771A21B3628F00E90E41 /* NSTimer+Addition.m in Sources */ = {isa = PBXBuildFile; fileRef = 2C8D76F521B3628E00E90E41 /* NSTimer+Addition.m */; };
		2C8D771B21B3628F00E90E41 /* NSData+MD5.m in Sources */ = {isa = PBXBuildFile; fileRef = 2C8D76F821B3628E00E90E41 /* NSData+MD5.m */; };
		2C8D771C21B3628F00E90E41 /* NSData+Base64.m in Sources */ = {isa = PBXBuildFile; fileRef = 2C8D76FB21B3628E00E90E41 /* NSData+Base64.m */; };
		2C8D771D21B3628F00E90E41 /* NSString+Hash_YAH.m in Sources */ = {isa = PBXBuildFile; fileRef = 2C8D76FF21B3628E00E90E41 /* NSString+Hash_YAH.m */; };
		2C8D771E21B3628F00E90E41 /* NSString+Contains_YAH.m in Sources */ = {isa = PBXBuildFile; fileRef = 2C8D770121B3628E00E90E41 /* NSString+Contains_YAH.m */; };
		2C8D771F21B3628F00E90E41 /* NSString+RegexCategory_YAH.m in Sources */ = {isa = PBXBuildFile; fileRef = 2C8D770221B3628E00E90E41 /* NSString+RegexCategory_YAH.m */; };
		2C8D772021B3628F00E90E41 /* NSString+Transfer_YAH.m in Sources */ = {isa = PBXBuildFile; fileRef = 2C8D770321B3628E00E90E41 /* NSString+Transfer_YAH.m */; };
		2C8D772121B3628F00E90E41 /* NSString+Size_YAH.m in Sources */ = {isa = PBXBuildFile; fileRef = 2C8D770521B3628E00E90E41 /* NSString+Size_YAH.m */; };
		2C8D772221B3628F00E90E41 /* NSString+Base64_YAH.m in Sources */ = {isa = PBXBuildFile; fileRef = 2C8D770621B3628E00E90E41 /* NSString+Base64_YAH.m */; };
		2C8D772321B3628F00E90E41 /* NSDate+Utilities.m in Sources */ = {isa = PBXBuildFile; fileRef = 2C8D770A21B3628F00E90E41 /* NSDate+Utilities.m */; };
		2C8D772421B3628F00E90E41 /* NSObject+Block.m in Sources */ = {isa = PBXBuildFile; fileRef = 2C8D770E21B3628F00E90E41 /* NSObject+Block.m */; };
		2C8D772521B3628F00E90E41 /* UIColor+HEX.m in Sources */ = {isa = PBXBuildFile; fileRef = 2C8D771021B3628F00E90E41 /* UIColor+HEX.m */; };
		2C8D772921B362E700E90E41 /* YAHKVOController.m in Sources */ = {isa = PBXBuildFile; fileRef = 2C8D772821B362E700E90E41 /* YAHKVOController.m */; };
		2C9AD00122F4096400CFDC19 /* YAHSandbox.m in Sources */ = {isa = PBXBuildFile; fileRef = 2C9AD00022F4096400CFDC19 /* YAHSandbox.m */; };
		2CB87CCE21AD9FEE0042D9F6 /* AppDelegate.m in Sources */ = {isa = PBXBuildFile; fileRef = 2CB87CCD21AD9FEE0042D9F6 /* AppDelegate.m */; };
		2CB87CD121AD9FEE0042D9F6 /* ViewController.m in Sources */ = {isa = PBXBuildFile; fileRef = 2CB87CD021AD9FEE0042D9F6 /* ViewController.m */; };
		2CB87CD421AD9FEE0042D9F6 /* Main.storyboard in Resources */ = {isa = PBXBuildFile; fileRef = 2CB87CD221AD9FEE0042D9F6 /* Main.storyboard */; };
		2CB87CD621AD9FEF0042D9F6 /* Assets.xcassets in Resources */ = {isa = PBXBuildFile; fileRef = 2CB87CD521AD9FEF0042D9F6 /* Assets.xcassets */; };
		2CB87CD921AD9FEF0042D9F6 /* LaunchScreen.storyboard in Resources */ = {isa = PBXBuildFile; fileRef = 2CB87CD721AD9FEF0042D9F6 /* LaunchScreen.storyboard */; };
		2CB87CDC21AD9FEF0042D9F6 /* main.m in Sources */ = {isa = PBXBuildFile; fileRef = 2CB87CDB21AD9FEF0042D9F6 /* main.m */; };
		2CBF149821B03E7F00CA2AED /* EXTScope.m in Sources */ = {isa = PBXBuildFile; fileRef = 2CBF145C21B03E7F00CA2AED /* EXTScope.m */; };
		2CEC6055227E892300E50258 /* YAHSystemInfo.m in Sources */ = {isa = PBXBuildFile; fileRef = 2CEC6054227E892300E50258 /* YAHSystemInfo.m */; };
		2CEC6059227E930100E50258 /* NSDictionary+YAHUnicode.m in Sources */ = {isa = PBXBuildFile; fileRef = 2CEC6058227E930100E50258 /* NSDictionary+YAHUnicode.m */; };
/* End PBXBuildFile section */

/* Begin PBXFileReference section */
		2C8D769D21B3626E00E90E41 /* YAHUtility.m */ = {isa = PBXFileReference; fileEncoding = 4; lastKnownFileType = sourcecode.c.objc; path = YAHUtility.m; sourceTree = "<group>"; };
		2C8D769E21B3626E00E90E41 /* YAHUtility.h */ = {isa = PBXFileReference; fileEncoding = 4; lastKnownFileType = sourcecode.c.h; path = YAHUtility.h; sourceTree = "<group>"; };
		2C8D76E421B3628E00E90E41 /* UIImage+SuperCompress.h */ = {isa = PBXFileReference; fileEncoding = 4; lastKnownFileType = sourcecode.c.h; path = "UIImage+SuperCompress.h"; sourceTree = "<group>"; };
		2C8D76E521B3628E00E90E41 /* UIImage+Blur.m */ = {isa = PBXFileReference; fileEncoding = 4; lastKnownFileType = sourcecode.c.objc; path = "UIImage+Blur.m"; sourceTree = "<group>"; };
		2C8D76E621B3628E00E90E41 /* UIImage+RTTint.h */ = {isa = PBXFileReference; fileEncoding = 4; lastKnownFileType = sourcecode.c.h; path = "UIImage+RTTint.h"; sourceTree = "<group>"; };
		2C8D76E721B3628E00E90E41 /* UIImage+Color.h */ = {isa = PBXFileReference; fileEncoding = 4; lastKnownFileType = sourcecode.c.h; path = "UIImage+Color.h"; sourceTree = "<group>"; };
		2C8D76E821B3628E00E90E41 /* UIImage+FileName.m */ = {isa = PBXFileReference; fileEncoding = 4; lastKnownFileType = sourcecode.c.objc; path = "UIImage+FileName.m"; sourceTree = "<group>"; };
		2C8D76E921B3628E00E90E41 /* UIImage+FX.h */ = {isa = PBXFileReference; fileEncoding = 4; lastKnownFileType = sourcecode.c.h; path = "UIImage+FX.h"; sourceTree = "<group>"; };
		2C8D76EA21B3628E00E90E41 /* UIImage+Orientation.m */ = {isa = PBXFileReference; fileEncoding = 4; lastKnownFileType = sourcecode.c.objc; path = "UIImage+Orientation.m"; sourceTree = "<group>"; };
		2C8D76EB21B3628E00E90E41 /* UIImage+SuperCompress.m */ = {isa = PBXFileReference; fileEncoding = 4; lastKnownFileType = sourcecode.c.objc; path = "UIImage+SuperCompress.m"; sourceTree = "<group>"; };
		2C8D76EC21B3628E00E90E41 /* UIImage+RTTint.m */ = {isa = PBXFileReference; fileEncoding = 4; lastKnownFileType = sourcecode.c.objc; path = "UIImage+RTTint.m"; sourceTree = "<group>"; };
		2C8D76ED21B3628E00E90E41 /* UIImage+Blur.h */ = {isa = PBXFileReference; fileEncoding = 4; lastKnownFileType = sourcecode.c.h; path = "UIImage+Blur.h"; sourceTree = "<group>"; };
		2C8D76EE21B3628E00E90E41 /* UIImage+FileName.h */ = {isa = PBXFileReference; fileEncoding = 4; lastKnownFileType = sourcecode.c.h; path = "UIImage+FileName.h"; sourceTree = "<group>"; };
		2C8D76EF21B3628E00E90E41 /* UIImage+Color.m */ = {isa = PBXFileReference; fileEncoding = 4; lastKnownFileType = sourcecode.c.objc; path = "UIImage+Color.m"; sourceTree = "<group>"; };
		2C8D76F021B3628E00E90E41 /* UIImage+Orientation.h */ = {isa = PBXFileReference; fileEncoding = 4; lastKnownFileType = sourcecode.c.h; path = "UIImage+Orientation.h"; sourceTree = "<group>"; };
		2C8D76F121B3628E00E90E41 /* UIImage+FX.m */ = {isa = PBXFileReference; fileEncoding = 4; lastKnownFileType = sourcecode.c.objc; path = "UIImage+FX.m"; sourceTree = "<group>"; };
		2C8D76F321B3628E00E90E41 /* NSTimer+Addition.h */ = {isa = PBXFileReference; fileEncoding = 4; lastKnownFileType = sourcecode.c.h; path = "NSTimer+Addition.h"; sourceTree = "<group>"; };
		2C8D76F421B3628E00E90E41 /* NSTimer+Blocks.m */ = {isa = PBXFileReference; fileEncoding = 4; lastKnownFileType = sourcecode.c.objc; path = "NSTimer+Blocks.m"; sourceTree = "<group>"; };
		2C8D76F521B3628E00E90E41 /* NSTimer+Addition.m */ = {isa = PBXFileReference; fileEncoding = 4; lastKnownFileType = sourcecode.c.objc; path = "NSTimer+Addition.m"; sourceTree = "<group>"; };
		2C8D76F621B3628E00E90E41 /* NSTimer+Blocks.h */ = {isa = PBXFileReference; fileEncoding = 4; lastKnownFileType = sourcecode.c.h; path = "NSTimer+Blocks.h"; sourceTree = "<group>"; };
		2C8D76F821B3628E00E90E41 /* NSData+MD5.m */ = {isa = PBXFileReference; fileEncoding = 4; lastKnownFileType = sourcecode.c.objc; path = "NSData+MD5.m"; sourceTree = "<group>"; };
		2C8D76F921B3628E00E90E41 /* NSData+Base64.h */ = {isa = PBXFileReference; fileEncoding = 4; lastKnownFileType = sourcecode.c.h; path = "NSData+Base64.h"; sourceTree = "<group>"; };
		2C8D76FA21B3628E00E90E41 /* NSData+MD5.h */ = {isa = PBXFileReference; fileEncoding = 4; lastKnownFileType = sourcecode.c.h; path = "NSData+MD5.h"; sourceTree = "<group>"; };
		2C8D76FB21B3628E00E90E41 /* NSData+Base64.m */ = {isa = PBXFileReference; fileEncoding = 4; lastKnownFileType = sourcecode.c.objc; path = "NSData+Base64.m"; sourceTree = "<group>"; };
		2C8D76FD21B3628E00E90E41 /* NSString+Base64_YAH.h */ = {isa = PBXFileReference; fileEncoding = 4; lastKnownFileType = sourcecode.c.h; path = "NSString+Base64_YAH.h"; sourceTree = "<group>"; };
		2C8D76FE21B3628E00E90E41 /* NSString+Size_YAH.h */ = {isa = PBXFileReference; fileEncoding = 4; lastKnownFileType = sourcecode.c.h; path = "NSString+Size_YAH.h"; sourceTree = "<group>"; };
		2C8D76FF21B3628E00E90E41 /* NSString+Hash_YAH.m */ = {isa = PBXFileReference; fileEncoding = 4; lastKnownFileType = sourcecode.c.objc; path = "NSString+Hash_YAH.m"; sourceTree = "<group>"; };
		2C8D770021B3628E00E90E41 /* NSString+Transfer_YAH.h */ = {isa = PBXFileReference; fileEncoding = 4; lastKnownFileType = sourcecode.c.h; path = "NSString+Transfer_YAH.h"; sourceTree = "<group>"; };
		2C8D770121B3628E00E90E41 /* NSString+Contains_YAH.m */ = {isa = PBXFileReference; fileEncoding = 4; lastKnownFileType = sourcecode.c.objc; path = "NSString+Contains_YAH.m"; sourceTree = "<group>"; };
		2C8D770221B3628E00E90E41 /* NSString+RegexCategory_YAH.m */ = {isa = PBXFileReference; fileEncoding = 4; lastKnownFileType = sourcecode.c.objc; path = "NSString+RegexCategory_YAH.m"; sourceTree = "<group>"; };
		2C8D770321B3628E00E90E41 /* NSString+Transfer_YAH.m */ = {isa = PBXFileReference; fileEncoding = 4; lastKnownFileType = sourcecode.c.objc; path = "NSString+Transfer_YAH.m"; sourceTree = "<group>"; };
		2C8D770421B3628E00E90E41 /* NSString+Hash_YAH.h */ = {isa = PBXFileReference; fileEncoding = 4; lastKnownFileType = sourcecode.c.h; path = "NSString+Hash_YAH.h"; sourceTree = "<group>"; };
		2C8D770521B3628E00E90E41 /* NSString+Size_YAH.m */ = {isa = PBXFileReference; fileEncoding = 4; lastKnownFileType = sourcecode.c.objc; path = "NSString+Size_YAH.m"; sourceTree = "<group>"; };
		2C8D770621B3628E00E90E41 /* NSString+Base64_YAH.m */ = {isa = PBXFileReference; fileEncoding = 4; lastKnownFileType = sourcecode.c.objc; path = "NSString+Base64_YAH.m"; sourceTree = "<group>"; };
		2C8D770721B3628E00E90E41 /* NSString+Contains_YAH.h */ = {isa = PBXFileReference; fileEncoding = 4; lastKnownFileType = sourcecode.c.h; path = "NSString+Contains_YAH.h"; sourceTree = "<group>"; };
		2C8D770821B3628E00E90E41 /* NSString+RegexCategory_YAH.h */ = {isa = PBXFileReference; fileEncoding = 4; lastKnownFileType = sourcecode.c.h; path = "NSString+RegexCategory_YAH.h"; sourceTree = "<group>"; };
		2C8D770A21B3628F00E90E41 /* NSDate+Utilities.m */ = {isa = PBXFileReference; fileEncoding = 4; lastKnownFileType = sourcecode.c.objc; path = "NSDate+Utilities.m"; sourceTree = "<group>"; };
		2C8D770B21B3628F00E90E41 /* NSDate+Utilities.h */ = {isa = PBXFileReference; fileEncoding = 4; lastKnownFileType = sourcecode.c.h; path = "NSDate+Utilities.h"; sourceTree = "<group>"; };
		2C8D770D21B3628F00E90E41 /* NSObject+Block.h */ = {isa = PBXFileReference; fileEncoding = 4; lastKnownFileType = sourcecode.c.h; path = "NSObject+Block.h"; sourceTree = "<group>"; };
		2C8D770E21B3628F00E90E41 /* NSObject+Block.m */ = {isa = PBXFileReference; fileEncoding = 4; lastKnownFileType = sourcecode.c.objc; path = "NSObject+Block.m"; sourceTree = "<group>"; };
		2C8D771021B3628F00E90E41 /* UIColor+HEX.m */ = {isa = PBXFileReference; fileEncoding = 4; lastKnownFileType = sourcecode.c.objc; path = "UIColor+HEX.m"; sourceTree = "<group>"; };
		2C8D771121B3628F00E90E41 /* UIColor+HEX.h */ = {isa = PBXFileReference; fileEncoding = 4; lastKnownFileType = sourcecode.c.h; path = "UIColor+HEX.h"; sourceTree = "<group>"; };
		2C8D772721B362E700E90E41 /* YAHKVOController.h */ = {isa = PBXFileReference; fileEncoding = 4; lastKnownFileType = sourcecode.c.h; path = YAHKVOController.h; sourceTree = "<group>"; };
		2C8D772821B362E700E90E41 /* YAHKVOController.m */ = {isa = PBXFileReference; fileEncoding = 4; lastKnownFileType = sourcecode.c.objc; path = YAHKVOController.m; sourceTree = "<group>"; };
		2C9ACFFF22F4096400CFDC19 /* YAHSandbox.h */ = {isa = PBXFileReference; lastKnownFileType = sourcecode.c.h; path = YAHSandbox.h; sourceTree = "<group>"; };
		2C9AD00022F4096400CFDC19 /* YAHSandbox.m */ = {isa = PBXFileReference; lastKnownFileType = sourcecode.c.objc; path = YAHSandbox.m; sourceTree = "<group>"; };
		2CB87CC921AD9FEE0042D9F6 /* YAHBaseKit.app */ = {isa = PBXFileReference; explicitFileType = wrapper.application; includeInIndex = 0; path = YAHBaseKit.app; sourceTree = BUILT_PRODUCTS_DIR; };
		2CB87CCC21AD9FEE0042D9F6 /* AppDelegate.h */ = {isa = PBXFileReference; lastKnownFileType = sourcecode.c.h; path = AppDelegate.h; sourceTree = "<group>"; };
		2CB87CCD21AD9FEE0042D9F6 /* AppDelegate.m */ = {isa = PBXFileReference; lastKnownFileType = sourcecode.c.objc; path = AppDelegate.m; sourceTree = "<group>"; };
		2CB87CCF21AD9FEE0042D9F6 /* ViewController.h */ = {isa = PBXFileReference; lastKnownFileType = sourcecode.c.h; path = ViewController.h; sourceTree = "<group>"; };
		2CB87CD021AD9FEE0042D9F6 /* ViewController.m */ = {isa = PBXFileReference; lastKnownFileType = sourcecode.c.objc; path = ViewController.m; sourceTree = "<group>"; };
		2CB87CD321AD9FEE0042D9F6 /* Base */ = {isa = PBXFileReference; lastKnownFileType = file.storyboard; name = Base; path = Base.lproj/Main.storyboard; sourceTree = "<group>"; };
		2CB87CD521AD9FEF0042D9F6 /* Assets.xcassets */ = {isa = PBXFileReference; lastKnownFileType = folder.assetcatalog; path = Assets.xcassets; sourceTree = "<group>"; };
		2CB87CD821AD9FEF0042D9F6 /* Base */ = {isa = PBXFileReference; lastKnownFileType = file.storyboard; name = Base; path = Base.lproj/LaunchScreen.storyboard; sourceTree = "<group>"; };
		2CB87CDA21AD9FEF0042D9F6 /* Info.plist */ = {isa = PBXFileReference; lastKnownFileType = text.plist.xml; path = Info.plist; sourceTree = "<group>"; };
		2CB87CDB21AD9FEF0042D9F6 /* main.m */ = {isa = PBXFileReference; lastKnownFileType = sourcecode.c.objc; path = main.m; sourceTree = "<group>"; };
		2CBF145B21B03E7F00CA2AED /* metamacros.h */ = {isa = PBXFileReference; fileEncoding = 4; lastKnownFileType = sourcecode.c.h; path = metamacros.h; sourceTree = "<group>"; };
		2CBF145C21B03E7F00CA2AED /* EXTScope.m */ = {isa = PBXFileReference; fileEncoding = 4; lastKnownFileType = sourcecode.c.objc; path = EXTScope.m; sourceTree = "<group>"; };
		2CBF145D21B03E7F00CA2AED /* EXTScope.h */ = {isa = PBXFileReference; fileEncoding = 4; lastKnownFileType = sourcecode.c.h; path = EXTScope.h; sourceTree = "<group>"; };
		2CBF145E21B03E7F00CA2AED /* EXTKeyPathCoding.h */ = {isa = PBXFileReference; fileEncoding = 4; lastKnownFileType = sourcecode.c.h; path = EXTKeyPathCoding.h; sourceTree = "<group>"; };
		2CBF146921B03E7F00CA2AED /* YAHBaseKit.h */ = {isa = PBXFileReference; fileEncoding = 4; lastKnownFileType = sourcecode.c.h; path = YAHBaseKit.h; sourceTree = "<group>"; };
		2CEC6053227E892300E50258 /* YAHSystemInfo.h */ = {isa = PBXFileReference; fileEncoding = 4; lastKnownFileType = sourcecode.c.h; path = YAHSystemInfo.h; sourceTree = "<group>"; };
		2CEC6054227E892300E50258 /* YAHSystemInfo.m */ = {isa = PBXFileReference; fileEncoding = 4; lastKnownFileType = sourcecode.c.objc; path = YAHSystemInfo.m; sourceTree = "<group>"; };
		2CEC6057227E930100E50258 /* NSDictionary+YAHUnicode.h */ = {isa = PBXFileReference; fileEncoding = 4; lastKnownFileType = sourcecode.c.h; path = "NSDictionary+YAHUnicode.h"; sourceTree = "<group>"; };
		2CEC6058227E930100E50258 /* NSDictionary+YAHUnicode.m */ = {isa = PBXFileReference; fileEncoding = 4; lastKnownFileType = sourcecode.c.objc; path = "NSDictionary+YAHUnicode.m"; sourceTree = "<group>"; };
/* End PBXFileReference section */

/* Begin PBXFrameworksBuildPhase section */
		2CB87CC621AD9FEE0042D9F6 /* Frameworks */ = {
			isa = PBXFrameworksBuildPhase;
			buildActionMask = 2147483647;
			files = (
			);
			runOnlyForDeploymentPostprocessing = 0;
		};
/* End PBXFrameworksBuildPhase section */

/* Begin PBXGroup section */
		2C8D769C21B3626E00E90E41 /* ToolUtils */ = {
			isa = PBXGroup;
			children = (
				2C9ACFFF22F4096400CFDC19 /* YAHSandbox.h */,
				2C9AD00022F4096400CFDC19 /* YAHSandbox.m */,
				2CEC6053227E892300E50258 /* YAHSystemInfo.h */,
				2CEC6054227E892300E50258 /* YAHSystemInfo.m */,
				2C8D769D21B3626E00E90E41 /* YAHUtility.m */,
				2C8D769E21B3626E00E90E41 /* YAHUtility.h */,
			);
			path = ToolUtils;
			sourceTree = "<group>";
		};
		2C8D76E321B3628E00E90E41 /* UIImage */ = {
			isa = PBXGroup;
			children = (
				2C8D76E421B3628E00E90E41 /* UIImage+SuperCompress.h */,
				2C8D76E521B3628E00E90E41 /* UIImage+Blur.m */,
				2C8D76E621B3628E00E90E41 /* UIImage+RTTint.h */,
				2C8D76E721B3628E00E90E41 /* UIImage+Color.h */,
				2C8D76E821B3628E00E90E41 /* UIImage+FileName.m */,
				2C8D76E921B3628E00E90E41 /* UIImage+FX.h */,
				2C8D76EA21B3628E00E90E41 /* UIImage+Orientation.m */,
				2C8D76EB21B3628E00E90E41 /* UIImage+SuperCompress.m */,
				2C8D76EC21B3628E00E90E41 /* UIImage+RTTint.m */,
				2C8D76ED21B3628E00E90E41 /* UIImage+Blur.h */,
				2C8D76EE21B3628E00E90E41 /* UIImage+FileName.h */,
				2C8D76EF21B3628E00E90E41 /* UIImage+Color.m */,
				2C8D76F021B3628E00E90E41 /* UIImage+Orientation.h */,
				2C8D76F121B3628E00E90E41 /* UIImage+FX.m */,
			);
			path = UIImage;
			sourceTree = "<group>";
		};
		2C8D76F221B3628E00E90E41 /* NSTimer */ = {
			isa = PBXGroup;
			children = (
				2C8D76F321B3628E00E90E41 /* NSTimer+Addition.h */,
				2C8D76F421B3628E00E90E41 /* NSTimer+Blocks.m */,
				2C8D76F521B3628E00E90E41 /* NSTimer+Addition.m */,
				2C8D76F621B3628E00E90E41 /* NSTimer+Blocks.h */,
			);
			path = NSTimer;
			sourceTree = "<group>";
		};
		2C8D76F721B3628E00E90E41 /* NSData */ = {
			isa = PBXGroup;
			children = (
				2C8D76F821B3628E00E90E41 /* NSData+MD5.m */,
				2C8D76F921B3628E00E90E41 /* NSData+Base64.h */,
				2C8D76FA21B3628E00E90E41 /* NSData+MD5.h */,
				2C8D76FB21B3628E00E90E41 /* NSData+Base64.m */,
			);
			path = NSData;
			sourceTree = "<group>";
		};
		2C8D76FC21B3628E00E90E41 /* NSString */ = {
			isa = PBXGroup;
			children = (
				2C8D76FD21B3628E00E90E41 /* NSString+Base64_YAH.h */,
				2C8D76FE21B3628E00E90E41 /* NSString+Size_YAH.h */,
				2C8D76FF21B3628E00E90E41 /* NSString+Hash_YAH.m */,
				2C8D770021B3628E00E90E41 /* NSString+Transfer_YAH.h */,
				2C8D770121B3628E00E90E41 /* NSString+Contains_YAH.m */,
				2C8D770221B3628E00E90E41 /* NSString+RegexCategory_YAH.m */,
				2C8D770321B3628E00E90E41 /* NSString+Transfer_YAH.m */,
				2C8D770421B3628E00E90E41 /* NSString+Hash_YAH.h */,
				2C8D770521B3628E00E90E41 /* NSString+Size_YAH.m */,
				2C8D770621B3628E00E90E41 /* NSString+Base64_YAH.m */,
				2C8D770721B3628E00E90E41 /* NSString+Contains_YAH.h */,
				2C8D770821B3628E00E90E41 /* NSString+RegexCategory_YAH.h */,
			);
			path = NSString;
			sourceTree = "<group>";
		};
		2C8D770921B3628E00E90E41 /* NSDate */ = {
			isa = PBXGroup;
			children = (
				2C8D770A21B3628F00E90E41 /* NSDate+Utilities.m */,
				2C8D770B21B3628F00E90E41 /* NSDate+Utilities.h */,
			);
			path = NSDate;
			sourceTree = "<group>";
		};
		2C8D770C21B3628F00E90E41 /* NSObject */ = {
			isa = PBXGroup;
			children = (
				2C8D770D21B3628F00E90E41 /* NSObject+Block.h */,
				2C8D770E21B3628F00E90E41 /* NSObject+Block.m */,
			);
			path = NSObject;
			sourceTree = "<group>";
		};
		2C8D770F21B3628F00E90E41 /* UIColor */ = {
			isa = PBXGroup;
			children = (
				2C8D771021B3628F00E90E41 /* UIColor+HEX.m */,
				2C8D771121B3628F00E90E41 /* UIColor+HEX.h */,
			);
			path = UIColor;
			sourceTree = "<group>";
		};
		2C8D772621B362E700E90E41 /* YAHKVOController */ = {
			isa = PBXGroup;
			children = (
				2C8D772721B362E700E90E41 /* YAHKVOController.h */,
				2C8D772821B362E700E90E41 /* YAHKVOController.m */,
			);
			path = YAHKVOController;
			sourceTree = "<group>";
		};
		2CB87CC021AD9FEE0042D9F6 = {
			isa = PBXGroup;
			children = (
				2CB87CCB21AD9FEE0042D9F6 /* YAHBaseKit */,
				2CB87CCA21AD9FEE0042D9F6 /* Products */,
			);
			sourceTree = "<group>";
		};
		2CB87CCA21AD9FEE0042D9F6 /* Products */ = {
			isa = PBXGroup;
			children = (
				2CB87CC921AD9FEE0042D9F6 /* YAHBaseKit.app */,
			);
			name = Products;
			sourceTree = "<group>";
		};
		2CB87CCB21AD9FEE0042D9F6 /* YAHBaseKit */ = {
			isa = PBXGroup;
			children = (
				2CBF142A21B03E5900CA2AED /* YAHBaseKit */,
				2CB87CCC21AD9FEE0042D9F6 /* AppDelegate.h */,
				2CB87CCD21AD9FEE0042D9F6 /* AppDelegate.m */,
				2CB87CCF21AD9FEE0042D9F6 /* ViewController.h */,
				2CB87CD021AD9FEE0042D9F6 /* ViewController.m */,
				2CB87CD221AD9FEE0042D9F6 /* Main.storyboard */,
				2CB87CD521AD9FEF0042D9F6 /* Assets.xcassets */,
				2CB87CD721AD9FEF0042D9F6 /* LaunchScreen.storyboard */,
				2CB87CDA21AD9FEF0042D9F6 /* Info.plist */,
				2CB87CDB21AD9FEF0042D9F6 /* main.m */,
			);
			path = YAHBaseKit;
			sourceTree = "<group>";
		};
		2CBF142A21B03E5900CA2AED /* YAHBaseKit */ = {
			isa = PBXGroup;
			children = (
				2C8D772621B362E700E90E41 /* YAHKVOController */,
				2C8D769C21B3626E00E90E41 /* ToolUtils */,
				2CBF14A621B03F2800CA2AED /* Category */,
				2CBF145A21B03E7F00CA2AED /* extobjc */,
				2CBF146921B03E7F00CA2AED /* YAHBaseKit.h */,
			);
			name = YAHBaseKit;
			path = ../../YAHBaseKit;
			sourceTree = "<group>";
		};
		2CBF145A21B03E7F00CA2AED /* extobjc */ = {
			isa = PBXGroup;
			children = (
				2CBF145B21B03E7F00CA2AED /* metamacros.h */,
				2CBF145C21B03E7F00CA2AED /* EXTScope.m */,
				2CBF145D21B03E7F00CA2AED /* EXTScope.h */,
				2CBF145E21B03E7F00CA2AED /* EXTKeyPathCoding.h */,
			);
			path = extobjc;
			sourceTree = "<group>";
		};
		2CBF14A621B03F2800CA2AED /* Category */ = {
			isa = PBXGroup;
			children = (
				2CEC6056227E930100E50258 /* NSDictionary */,
				2C8D76F721B3628E00E90E41 /* NSData */,
				2C8D770921B3628E00E90E41 /* NSDate */,
				2C8D770C21B3628F00E90E41 /* NSObject */,
				2C8D76FC21B3628E00E90E41 /* NSString */,
				2C8D76F221B3628E00E90E41 /* NSTimer */,
				2C8D770F21B3628F00E90E41 /* UIColor */,
				2C8D76E321B3628E00E90E41 /* UIImage */,
			);
			path = Category;
			sourceTree = "<group>";
		};
		2CEC6056227E930100E50258 /* NSDictionary */ = {
			isa = PBXGroup;
			children = (
				2CEC6057227E930100E50258 /* NSDictionary+YAHUnicode.h */,
				2CEC6058227E930100E50258 /* NSDictionary+YAHUnicode.m */,
			);
			path = NSDictionary;
			sourceTree = "<group>";
		};
/* End PBXGroup section */

/* Begin PBXNativeTarget section */
		2CB87CC821AD9FEE0042D9F6 /* YAHBaseKit */ = {
			isa = PBXNativeTarget;
			buildConfigurationList = 2CB87CDF21AD9FEF0042D9F6 /* Build configuration list for PBXNativeTarget "YAHBaseKit" */;
			buildPhases = (
				2CB87CC521AD9FEE0042D9F6 /* Sources */,
				2CB87CC621AD9FEE0042D9F6 /* Frameworks */,
				2CB87CC721AD9FEE0042D9F6 /* Resources */,
			);
			buildRules = (
			);
			dependencies = (
			);
			name = YAHBaseKit;
			productName = YAHBaseKit;
			productReference = 2CB87CC921AD9FEE0042D9F6 /* YAHBaseKit.app */;
			productType = "com.apple.product-type.application";
		};
/* End PBXNativeTarget section */

/* Begin PBXProject section */
		2CB87CC121AD9FEE0042D9F6 /* Project object */ = {
			isa = PBXProject;
			attributes = {
				LastUpgradeCheck = 1010;
				ORGANIZATIONNAME = yahua;
				TargetAttributes = {
					2CB87CC821AD9FEE0042D9F6 = {
						CreatedOnToolsVersion = 10.1;
					};
				};
			};
			buildConfigurationList = 2CB87CC421AD9FEE0042D9F6 /* Build configuration list for PBXProject "YAHBaseKit" */;
			compatibilityVersion = "Xcode 9.3";
			developmentRegion = en;
			hasScannedForEncodings = 0;
			knownRegions = (
				en,
				Base,
			);
			mainGroup = 2CB87CC021AD9FEE0042D9F6;
			productRefGroup = 2CB87CCA21AD9FEE0042D9F6 /* Products */;
			projectDirPath = "";
			projectRoot = "";
			targets = (
				2CB87CC821AD9FEE0042D9F6 /* YAHBaseKit */,
			);
		};
/* End PBXProject section */

/* Begin PBXResourcesBuildPhase section */
		2CB87CC721AD9FEE0042D9F6 /* Resources */ = {
			isa = PBXResourcesBuildPhase;
			buildActionMask = 2147483647;
			files = (
				2CB87CD921AD9FEF0042D9F6 /* LaunchScreen.storyboard in Resources */,
				2CB87CD621AD9FEF0042D9F6 /* Assets.xcassets in Resources */,
				2CB87CD421AD9FEE0042D9F6 /* Main.storyboard in Resources */,
			);
			runOnlyForDeploymentPostprocessing = 0;
		};
/* End PBXResourcesBuildPhase section */

/* Begin PBXSourcesBuildPhase section */
		2CB87CC521AD9FEE0042D9F6 /* Sources */ = {
			isa = PBXSourcesBuildPhase;
			buildActionMask = 2147483647;
			files = (
				2CEC6055227E892300E50258 /* YAHSystemInfo.m in Sources */,
				2C8D771421B3628F00E90E41 /* UIImage+Orientation.m in Sources */,
				2CBF149821B03E7F00CA2AED /* EXTScope.m in Sources */,
				2C8D772021B3628F00E90E41 /* NSString+Transfer_YAH.m in Sources */,
				2C8D771221B3628F00E90E41 /* UIImage+Blur.m in Sources */,
				2C8D771E21B3628F00E90E41 /* NSString+Contains_YAH.m in Sources */,
				2C8D772921B362E700E90E41 /* YAHKVOController.m in Sources */,
				2C8D771B21B3628F00E90E41 /* NSData+MD5.m in Sources */,
				2C8D771C21B3628F00E90E41 /* NSData+Base64.m in Sources */,
				2C9AD00122F4096400CFDC19 /* YAHSandbox.m in Sources */,
				2C8D771A21B3628F00E90E41 /* NSTimer+Addition.m in Sources */,
				2C8D771321B3628F00E90E41 /* UIImage+FileName.m in Sources */,
				2CB87CD121AD9FEE0042D9F6 /* ViewController.m in Sources */,
				2CB87CDC21AD9FEF0042D9F6 /* main.m in Sources */,
				2C8D772521B3628F00E90E41 /* UIColor+HEX.m in Sources */,
				2C8D771921B3628F00E90E41 /* NSTimer+Blocks.m in Sources */,
				2C8D771821B3628F00E90E41 /* UIImage+FX.m in Sources */,
				2C8D769F21B3626E00E90E41 /* YAHUtility.m in Sources */,
				2C8D771621B3628F00E90E41 /* UIImage+RTTint.m in Sources */,
				2C8D771721B3628F00E90E41 /* UIImage+Color.m in Sources */,
				2C8D771F21B3628F00E90E41 /* NSString+RegexCategory_YAH.m in Sources */,
				2CB87CCE21AD9FEE0042D9F6 /* AppDelegate.m in Sources */,
				2C8D772321B3628F00E90E41 /* NSDate+Utilities.m in Sources */,
				2C8D772121B3628F00E90E41 /* NSString+Size_YAH.m in Sources */,
				2CEC6059227E930100E50258 /* NSDictionary+YAHUnicode.m in Sources */,
				2C8D771D21B3628F00E90E41 /* NSString+Hash_YAH.m in Sources */,
				2C8D771521B3628F00E90E41 /* UIImage+SuperCompress.m in Sources */,
				2C8D772221B3628F00E90E41 /* NSString+Base64_YAH.m in Sources */,
				2C8D772421B3628F00E90E41 /* NSObject+Block.m in Sources */,
			);
			runOnlyForDeploymentPostprocessing = 0;
		};
/* End PBXSourcesBuildPhase section */

/* Begin PBXVariantGroup section */
		2CB87CD221AD9FEE0042D9F6 /* Main.storyboard */ = {
			isa = PBXVariantGroup;
			children = (
				2CB87CD321AD9FEE0042D9F6 /* Base */,
			);
			name = Main.storyboard;
			sourceTree = "<group>";
		};
		2CB87CD721AD9FEF0042D9F6 /* LaunchScreen.storyboard */ = {
			isa = PBXVariantGroup;
			children = (
				2CB87CD821AD9FEF0042D9F6 /* Base */,
			);
			name = LaunchScreen.storyboard;
			sourceTree = "<group>";
		};
/* End PBXVariantGroup section */

/* Begin XCBuildConfiguration section */
		2CB87CDD21AD9FEF0042D9F6 /* Debug */ = {
			isa = XCBuildConfiguration;
			buildSettings = {
				ALWAYS_SEARCH_USER_PATHS = NO;
				CLANG_ANALYZER_NONNULL = YES;
				CLANG_ANALYZER_NUMBER_OBJECT_CONVERSION = YES_AGGRESSIVE;
				CLANG_CXX_LANGUAGE_STANDARD = "gnu++14";
				CLANG_CXX_LIBRARY = "libc++";
				CLANG_ENABLE_MODULES = YES;
				CLANG_ENABLE_OBJC_ARC = YES;
				CLANG_ENABLE_OBJC_WEAK = YES;
				CLANG_WARN_BLOCK_CAPTURE_AUTORELEASING = YES;
				CLANG_WARN_BOOL_CONVERSION = YES;
				CLANG_WARN_COMMA = YES;
				CLANG_WARN_CONSTANT_CONVERSION = YES;
				CLANG_WARN_DEPRECATED_OBJC_IMPLEMENTATIONS = YES;
				CLANG_WARN_DIRECT_OBJC_ISA_USAGE = YES_ERROR;
				CLANG_WARN_DOCUMENTATION_COMMENTS = YES;
				CLANG_WARN_EMPTY_BODY = YES;
				CLANG_WARN_ENUM_CONVERSION = YES;
				CLANG_WARN_INFINITE_RECURSION = YES;
				CLANG_WARN_INT_CONVERSION = YES;
				CLANG_WARN_NON_LITERAL_NULL_CONVERSION = YES;
				CLANG_WARN_OBJC_IMPLICIT_RETAIN_SELF = YES;
				CLANG_WARN_OBJC_LITERAL_CONVERSION = YES;
				CLANG_WARN_OBJC_ROOT_CLASS = YES_ERROR;
				CLANG_WARN_RANGE_LOOP_ANALYSIS = YES;
				CLANG_WARN_STRICT_PROTOTYPES = YES;
				CLANG_WARN_SUSPICIOUS_MOVE = YES;
				CLANG_WARN_UNGUARDED_AVAILABILITY = YES_AGGRESSIVE;
				CLANG_WARN_UNREACHABLE_CODE = YES;
				CLANG_WARN__DUPLICATE_METHOD_MATCH = YES;
				CODE_SIGN_IDENTITY = "iPhone Developer";
				COPY_PHASE_STRIP = NO;
				DEBUG_INFORMATION_FORMAT = dwarf;
				ENABLE_STRICT_OBJC_MSGSEND = YES;
				ENABLE_TESTABILITY = YES;
				GCC_C_LANGUAGE_STANDARD = gnu11;
				GCC_DYNAMIC_NO_PIC = NO;
				GCC_NO_COMMON_BLOCKS = YES;
				GCC_OPTIMIZATION_LEVEL = 0;
				GCC_PREPROCESSOR_DEFINITIONS = (
					"DEBUG=1",
					"$(inherited)",
				);
				GCC_WARN_64_TO_32_BIT_CONVERSION = YES;
				GCC_WARN_ABOUT_RETURN_TYPE = YES_ERROR;
				GCC_WARN_UNDECLARED_SELECTOR = YES;
				GCC_WARN_UNINITIALIZED_AUTOS = YES_AGGRESSIVE;
				GCC_WARN_UNUSED_FUNCTION = YES;
				GCC_WARN_UNUSED_VARIABLE = YES;
				IPHONEOS_DEPLOYMENT_TARGET = 12.1;
				MTL_ENABLE_DEBUG_INFO = INCLUDE_SOURCE;
				MTL_FAST_MATH = YES;
				ONLY_ACTIVE_ARCH = YES;
				SDKROOT = iphoneos;
			};
			name = Debug;
		};
		2CB87CDE21AD9FEF0042D9F6 /* Release */ = {
			isa = XCBuildConfiguration;
			buildSettings = {
				ALWAYS_SEARCH_USER_PATHS = NO;
				CLANG_ANALYZER_NONNULL = YES;
				CLANG_ANALYZER_NUMBER_OBJECT_CONVERSION = YES_AGGRESSIVE;
				CLANG_CXX_LANGUAGE_STANDARD = "gnu++14";
				CLANG_CXX_LIBRARY = "libc++";
				CLANG_ENABLE_MODULES = YES;
				CLANG_ENABLE_OBJC_ARC = YES;
				CLANG_ENABLE_OBJC_WEAK = YES;
				CLANG_WARN_BLOCK_CAPTURE_AUTORELEASING = YES;
				CLANG_WARN_BOOL_CONVERSION = YES;
				CLANG_WARN_COMMA = YES;
				CLANG_WARN_CONSTANT_CONVERSION = YES;
				CLANG_WARN_DEPRECATED_OBJC_IMPLEMENTATIONS = YES;
				CLANG_WARN_DIRECT_OBJC_ISA_USAGE = YES_ERROR;
				CLANG_WARN_DOCUMENTATION_COMMENTS = YES;
				CLANG_WARN_EMPTY_BODY = YES;
				CLANG_WARN_ENUM_CONVERSION = YES;
				CLANG_WARN_INFINITE_RECURSION = YES;
				CLANG_WARN_INT_CONVERSION = YES;
				CLANG_WARN_NON_LITERAL_NULL_CONVERSION = YES;
				CLANG_WARN_OBJC_IMPLICIT_RETAIN_SELF = YES;
				CLANG_WARN_OBJC_LITERAL_CONVERSION = YES;
				CLANG_WARN_OBJC_ROOT_CLASS = YES_ERROR;
				CLANG_WARN_RANGE_LOOP_ANALYSIS = YES;
				CLANG_WARN_STRICT_PROTOTYPES = YES;
				CLANG_WARN_SUSPICIOUS_MOVE = YES;
				CLANG_WARN_UNGUARDED_AVAILABILITY = YES_AGGRESSIVE;
				CLANG_WARN_UNREACHABLE_CODE = YES;
				CLANG_WARN__DUPLICATE_METHOD_MATCH = YES;
				CODE_SIGN_IDENTITY = "iPhone Developer";
				COPY_PHASE_STRIP = NO;
				DEBUG_INFORMATION_FORMAT = "dwarf-with-dsym";
				ENABLE_NS_ASSERTIONS = NO;
				ENABLE_STRICT_OBJC_MSGSEND = YES;
				GCC_C_LANGUAGE_STANDARD = gnu11;
				GCC_NO_COMMON_BLOCKS = YES;
				GCC_WARN_64_TO_32_BIT_CONVERSION = YES;
				GCC_WARN_ABOUT_RETURN_TYPE = YES_ERROR;
				GCC_WARN_UNDECLARED_SELECTOR = YES;
				GCC_WARN_UNINITIALIZED_AUTOS = YES_AGGRESSIVE;
				GCC_WARN_UNUSED_FUNCTION = YES;
				GCC_WARN_UNUSED_VARIABLE = YES;
				IPHONEOS_DEPLOYMENT_TARGET = 12.1;
				MTL_ENABLE_DEBUG_INFO = NO;
				MTL_FAST_MATH = YES;
				SDKROOT = iphoneos;
				VALIDATE_PRODUCT = YES;
			};
			name = Release;
		};
		2CB87CE021AD9FEF0042D9F6 /* Debug */ = {
			isa = XCBuildConfiguration;
			buildSettings = {
				ASSETCATALOG_COMPILER_APPICON_NAME = AppIcon;
				CODE_SIGN_STYLE = Automatic;
				INFOPLIST_FILE = YAHBaseKit/Info.plist;
				LD_RUNPATH_SEARCH_PATHS = (
					"$(inherited)",
					"@executable_path/Frameworks",
				);
				PRODUCT_BUNDLE_IDENTIFIER = yahua.YAHBaseKit;
				PRODUCT_NAME = "$(TARGET_NAME)";
				TARGETED_DEVICE_FAMILY = "1,2";
			};
			name = Debug;
		};
		2CB87CE121AD9FEF0042D9F6 /* Release */ = {
			isa = XCBuildConfiguration;
			buildSettings = {
				ASSETCATALOG_COMPILER_APPICON_NAME = AppIcon;
				CODE_SIGN_STYLE = Automatic;
				INFOPLIST_FILE = YAHBaseKit/Info.plist;
				LD_RUNPATH_SEARCH_PATHS = (
					"$(inherited)",
					"@executable_path/Frameworks",
				);
				PRODUCT_BUNDLE_IDENTIFIER = yahua.YAHBaseKit;
				PRODUCT_NAME = "$(TARGET_NAME)";
				TARGETED_DEVICE_FAMILY = "1,2";
			};
			name = Release;
		};
/* End XCBuildConfiguration section */

/* Begin XCConfigurationList section */
		2CB87CC421AD9FEE0042D9F6 /* Build configuration list for PBXProject "YAHBaseKit" */ = {
			isa = XCConfigurationList;
			buildConfigurations = (
				2CB87CDD21AD9FEF0042D9F6 /* Debug */,
				2CB87CDE21AD9FEF0042D9F6 /* Release */,
			);
			defaultConfigurationIsVisible = 0;
			defaultConfigurationName = Release;
		};
		2CB87CDF21AD9FEF0042D9F6 /* Build configuration list for PBXNativeTarget "YAHBaseKit" */ = {
			isa = XCConfigurationList;
			buildConfigurations = (
				2CB87CE021AD9FEF0042D9F6 /* Debug */,
				2CB87CE121AD9FEF0042D9F6 /* Release */,
			);
			defaultConfigurationIsVisible = 0;
			defaultConfigurationName = Release;
		};
/* End XCConfigurationList section */
	};
	rootObject = 2CB87CC121AD9FEE0042D9F6 /* Project object */;
}
